{
  "version": 4,
  "terraform_version": "0.13.5",
  "serial": 2,
  "lineage": "4810f1fc-fa39-3062-85ee-c93787bad694",
  "outputs": {
    "arn": {
      "value": "arn:aws:ecr:us-west-2:859622052607:repository/test",
      "type": "string"
    },
    "name": {
      "value": "test",
      "type": "string"
    },
    "registry_id": {
      "value": "859622052607",
      "type": "string"
    },
    "repository_url": {
      "value": "859622052607.dkr.ecr.us-west-2.amazonaws.com/test",
      "type": "string"
    }
  },
  "resources": [
    {
      "mode": "managed",
      "type": "aws_ecr_repository",
      "name": "repo",
      "provider": "provider[\"registry.terraform.io/hashicorp/aws\"]",
      "instances": [
        {
          "schema_version": 0,
          "attributes": {
            "arn": "arn:aws:ecr:us-west-2:859622052607:repository/test",
            "encryption_configuration": [
              {
                "encryption_type": "AES256",
                "kms_key": ""
              }
            ],
            "id": "test",
            "image_scanning_configuration": [
              {
                "scan_on_push": true
              }
            ],
            "image_tag_mutability": "MUTABLE",
            "name": "test",
            "registry_id": "859622052607",
            "repository_url": "859622052607.dkr.ecr.us-west-2.amazonaws.com/test",
            "tags": null,
            "timeouts": null
          },
          "private": "eyJlMmJmYjczMC1lY2FhLTExZTYtOGY4OC0zNDM2M2JjN2M0YzAiOnsiZGVsZXRlIjoxMjAwMDAwMDAwMDAwfX0=",
          "dependencies": [
            "aws_kms_key.kms_key"
          ]
        }
      ]
    }
  ]
}
